
Microsoft Visual Studio Solution File, Format Version 12.00
Project("{FAE04EC0-301F-11D3-BF4B-00C04F79EFBC}") = "DynamicProxy", "DynamicProxy\DynamicProxy.csproj", "{627E2905-F544-42B7-9292-CC3C8B8F8BE2}"
EndProject
Project("{FAE04EC0-301F-11D3-BF4B-00C04F79EFBC}") = "Core", "Core\Core.csproj", "{A2114BFF-9A59-4EA4-B436-98D2BFA367DF}"
EndProject
Project("{FAE04EC0-301F-11D3-BF4B-00C04F79EFBC}") = "Sql", "Sql\Sql.csproj", "{093E5968-CDD8-4DE8-B0E9-06709461AA70}"
EndProject
Project("{FAE04EC0-301F-11D3-BF4B-00C04F79EFBC}") = "Sql.Test", "Sql.Test\Sql.Test.csproj", "{B0F79219-9ADC-409A-943F-949E554FD21D}"
EndProject
Project("{FAE04EC0-301F-11D3-BF4B-00C04F79EFBC}") = "SqlServer", "SqlServer\SqlServer.csproj", "{AC966F2C-A397-40D3-BDEE-9E169A46982F}"
EndProject
Project("{FAE04EC0-301F-11D3-BF4B-00C04F79EFBC}") = "SqlServer.Test", "SqlServer.Test\SqlServer.Test.csproj", "{829E8073-4B53-4030-A69A-FEFB7789599C}"
EndProject
Project("{FAE04EC0-301F-11D3-BF4B-00C04F79EFBC}") = "MySql", "MySql\MySql.csproj", "{55FB791E-64DD-4958-B04B-E787CB27BECB}"
EndProject
Project("{FAE04EC0-301F-11D3-BF4B-00C04F79EFBC}") = "MySql.Test", "MySql.Test\MySql.Test.csproj", "{155C72F1-DC1F-4E3A-80D1-BB9403D4CC15}"
EndProject
Project("{FAE04EC0-301F-11D3-BF4B-00C04F79EFBC}") = "MariaDb.Test", "MariaDb.Test\MariaDb.Test.csproj", "{BE2D5AF3-E4BB-4417-9D2A-FE80BBD6BA9E}"
EndProject
Project("{FAE04EC0-301F-11D3-BF4B-00C04F79EFBC}") = "Postgres", "Postgres\Postgres.csproj", "{FA3A4EA6-3225-479F-B3AC-3E49F1C58E40}"
EndProject
Project("{FAE04EC0-301F-11D3-BF4B-00C04F79EFBC}") = "Postgres.Test", "Postgres.Test\Postgres.Test.csproj", "{4698F556-6D3B-49F1-8BBC-1983D9CBAC42}"
EndProject
Project("{FAE04EC0-301F-11D3-BF4B-00C04F79EFBC}") = "MongoDb", "MongoDb\MongoDb.csproj", "{C979A4C8-9EB8-4F65-A6C1-A9A8001F0D8C}"
EndProject
Project("{FAE04EC0-301F-11D3-BF4B-00C04F79EFBC}") = "MongoDb.Test", "MongoDb.Test\MongoDb.Test.csproj", "{9AE63380-9D06-455C-8161-F193AEDF56C3}"
EndProject
Project("{FAE04EC0-301F-11D3-BF4B-00C04F79EFBC}") = "Core.Test", "Core.Test\Core.Test.csproj", "{3853D80B-B0FC-456A-9BC7-2933C278DC97}"
EndProject
Project("{FAE04EC0-301F-11D3-BF4B-00C04F79EFBC}") = "Sqlite", "Sqlite\Sqlite.csproj", "{2225F7EE-9AB3-4E88-94F5-F10CE93DE785}"
EndProject
Global
	GlobalSection(SolutionConfigurationPlatforms) = preSolution
		Debug|Any CPU = Debug|Any CPU
		Release|Any CPU = Release|Any CPU
	EndGlobalSection
	GlobalSection(ProjectConfigurationPlatforms) = postSolution
		{627E2905-F544-42B7-9292-CC3C8B8F8BE2}.Debug|Any CPU.ActiveCfg = Debug|Any CPU
		{627E2905-F544-42B7-9292-CC3C8B8F8BE2}.Debug|Any CPU.Build.0 = Debug|Any CPU
		{627E2905-F544-42B7-9292-CC3C8B8F8BE2}.Release|Any CPU.ActiveCfg = Release|Any CPU
		{627E2905-F544-42B7-9292-CC3C8B8F8BE2}.Release|Any CPU.Build.0 = Release|Any CPU
		{A2114BFF-9A59-4EA4-B436-98D2BFA367DF}.Debug|Any CPU.ActiveCfg = Debug|Any CPU
		{A2114BFF-9A59-4EA4-B436-98D2BFA367DF}.Debug|Any CPU.Build.0 = Debug|Any CPU
		{A2114BFF-9A59-4EA4-B436-98D2BFA367DF}.Release|Any CPU.ActiveCfg = Release|Any CPU
		{A2114BFF-9A59-4EA4-B436-98D2BFA367DF}.Release|Any CPU.Build.0 = Release|Any CPU
		{093E5968-CDD8-4DE8-B0E9-06709461AA70}.Debug|Any CPU.ActiveCfg = Debug|Any CPU
		{093E5968-CDD8-4DE8-B0E9-06709461AA70}.Debug|Any CPU.Build.0 = Debug|Any CPU
		{093E5968-CDD8-4DE8-B0E9-06709461AA70}.Release|Any CPU.ActiveCfg = Release|Any CPU
		{093E5968-CDD8-4DE8-B0E9-06709461AA70}.Release|Any CPU.Build.0 = Release|Any CPU
		{B0F79219-9ADC-409A-943F-949E554FD21D}.Debug|Any CPU.ActiveCfg = Debug|Any CPU
		{B0F79219-9ADC-409A-943F-949E554FD21D}.Debug|Any CPU.Build.0 = Debug|Any CPU
		{B0F79219-9ADC-409A-943F-949E554FD21D}.Release|Any CPU.ActiveCfg = Release|Any CPU
		{B0F79219-9ADC-409A-943F-949E554FD21D}.Release|Any CPU.Build.0 = Release|Any CPU
		{AC966F2C-A397-40D3-BDEE-9E169A46982F}.Debug|Any CPU.ActiveCfg = Debug|Any CPU
		{AC966F2C-A397-40D3-BDEE-9E169A46982F}.Debug|Any CPU.Build.0 = Debug|Any CPU
		{AC966F2C-A397-40D3-BDEE-9E169A46982F}.Release|Any CPU.ActiveCfg = Release|Any CPU
		{AC966F2C-A397-40D3-BDEE-9E169A46982F}.Release|Any CPU.Build.0 = Release|Any CPU
		{829E8073-4B53-4030-A69A-FEFB7789599C}.Debug|Any CPU.ActiveCfg = Debug|Any CPU
		{829E8073-4B53-4030-A69A-FEFB7789599C}.Debug|Any CPU.Build.0 = Debug|Any CPU
		{829E8073-4B53-4030-A69A-FEFB7789599C}.Release|Any CPU.ActiveCfg = Release|Any CPU
		{829E8073-4B53-4030-A69A-FEFB7789599C}.Release|Any CPU.Build.0 = Release|Any CPU
		{55FB791E-64DD-4958-B04B-E787CB27BECB}.Debug|Any CPU.ActiveCfg = Debug|Any CPU
		{55FB791E-64DD-4958-B04B-E787CB27BECB}.Debug|Any CPU.Build.0 = Debug|Any CPU
		{55FB791E-64DD-4958-B04B-E787CB27BECB}.Release|Any CPU.ActiveCfg = Release|Any CPU
		{55FB791E-64DD-4958-B04B-E787CB27BECB}.Release|Any CPU.Build.0 = Release|Any CPU
		{155C72F1-DC1F-4E3A-80D1-BB9403D4CC15}.Debug|Any CPU.ActiveCfg = Debug|Any CPU
		{155C72F1-DC1F-4E3A-80D1-BB9403D4CC15}.Debug|Any CPU.Build.0 = Debug|Any CPU
		{155C72F1-DC1F-4E3A-80D1-BB9403D4CC15}.Release|Any CPU.ActiveCfg = Release|Any CPU
		{155C72F1-DC1F-4E3A-80D1-BB9403D4CC15}.Release|Any CPU.Build.0 = Release|Any CPU
		{BE2D5AF3-E4BB-4417-9D2A-FE80BBD6BA9E}.Debug|Any CPU.ActiveCfg = Debug|Any CPU
		{BE2D5AF3-E4BB-4417-9D2A-FE80BBD6BA9E}.Debug|Any CPU.Build.0 = Debug|Any CPU
		{BE2D5AF3-E4BB-4417-9D2A-FE80BBD6BA9E}.Release|Any CPU.ActiveCfg = Release|Any CPU
		{BE2D5AF3-E4BB-4417-9D2A-FE80BBD6BA9E}.Release|Any CPU.Build.0 = Release|Any CPU
		{FA3A4EA6-3225-479F-B3AC-3E49F1C58E40}.Debug|Any CPU.ActiveCfg = Debug|Any CPU
		{FA3A4EA6-3225-479F-B3AC-3E49F1C58E40}.Debug|Any CPU.Build.0 = Debug|Any CPU
		{FA3A4EA6-3225-479F-B3AC-3E49F1C58E40}.Release|Any CPU.ActiveCfg = Release|Any CPU
		{FA3A4EA6-3225-479F-B3AC-3E49F1C58E40}.Release|Any CPU.Build.0 = Release|Any CPU
		{4698F556-6D3B-49F1-8BBC-1983D9CBAC42}.Debug|Any CPU.ActiveCfg = Debug|Any CPU
		{4698F556-6D3B-49F1-8BBC-1983D9CBAC42}.Debug|Any CPU.Build.0 = Debug|Any CPU
		{4698F556-6D3B-49F1-8BBC-1983D9CBAC42}.Release|Any CPU.ActiveCfg = Release|Any CPU
		{4698F556-6D3B-49F1-8BBC-1983D9CBAC42}.Release|Any CPU.Build.0 = Release|Any CPU
		{C979A4C8-9EB8-4F65-A6C1-A9A8001F0D8C}.Debug|Any CPU.ActiveCfg = Debug|Any CPU
		{C979A4C8-9EB8-4F65-A6C1-A9A8001F0D8C}.Debug|Any CPU.Build.0 = Debug|Any CPU
		{C979A4C8-9EB8-4F65-A6C1-A9A8001F0D8C}.Release|Any CPU.ActiveCfg = Release|Any CPU
		{C979A4C8-9EB8-4F65-A6C1-A9A8001F0D8C}.Release|Any CPU.Build.0 = Release|Any CPU
		{9AE63380-9D06-455C-8161-F193AEDF56C3}.Debug|Any CPU.ActiveCfg = Debug|Any CPU
		{9AE63380-9D06-455C-8161-F193AEDF56C3}.Debug|Any CPU.Build.0 = Debug|Any CPU
		{9AE63380-9D06-455C-8161-F193AEDF56C3}.Release|Any CPU.ActiveCfg = Release|Any CPU
		{9AE63380-9D06-455C-8161-F193AEDF56C3}.Release|Any CPU.Build.0 = Release|Any CPU
		{3853D80B-B0FC-456A-9BC7-2933C278DC97}.Debug|Any CPU.ActiveCfg = Debug|Any CPU
		{3853D80B-B0FC-456A-9BC7-2933C278DC97}.Debug|Any CPU.Build.0 = Debug|Any CPU
		{3853D80B-B0FC-456A-9BC7-2933C278DC97}.Release|Any CPU.ActiveCfg = Release|Any CPU
		{3853D80B-B0FC-456A-9BC7-2933C278DC97}.Release|Any CPU.Build.0 = Release|Any CPU
		{2225F7EE-9AB3-4E88-94F5-F10CE93DE785}.Debug|Any CPU.ActiveCfg = Debug|Any CPU
		{2225F7EE-9AB3-4E88-94F5-F10CE93DE785}.Debug|Any CPU.Build.0 = Debug|Any CPU
		{2225F7EE-9AB3-4E88-94F5-F10CE93DE785}.Release|Any CPU.ActiveCfg = Release|Any CPU
		{2225F7EE-9AB3-4E88-94F5-F10CE93DE785}.Release|Any CPU.Build.0 = Release|Any CPU
	EndGlobalSection
EndGlobal
